{
    "_readme": [
        "This file locks the dependencies of your project to a known state",
        "Read more about it at https://getcomposer.org/doc/01-basic-usage.md#installing-dependencies",
        "This file is @generated automatically"
    ],
    "content-hash": "d858f7ba3c21ea08a252e45577535c63",
    "packages": [
        {
            "name": "mlocati/ip-lib",
            "version": "1.18.0",
            "source": {
                "type": "git",
                "url": "https://github.com/mlocati/ip-lib.git",
                "reference": "c77bd0b1f3e3956c7e9661e75cb1f54ed67d95d2"
            },
            "dist": {
                "type": "zip",
                "url": "https://api.github.com/repos/mlocati/ip-lib/zipball/c77bd0b1f3e3956c7e9661e75cb1f54ed67d95d2",
                "reference": "c77bd0b1f3e3956c7e9661e75cb1f54ed67d95d2",
                "shasum": ""
            },
            "require": {
                "php": ">=5.3.3"
            },
            "require-dev": {
                "ext-pdo_sqlite": "*",
                "phpunit/phpunit": "^4.8 || ^5.7 || ^6.5 || ^7.5 || ^8.5 || ^9.5"
            },
            "type": "library",
            "autoload": {
                "psr-4": {
                    "IPLib\\": "src/"
                }
            },
            "notification-url": "https://packagist.org/downloads/",
            "license": [
                "MIT"
            ],
            "authors": [
                {
                    "name": "Michele Locati",
                    "email": "mlocati@gmail.com",
                    "homepage": "https://github.com/mlocati",
                    "role": "Author"
                }
            ],
            "description": "Handle IPv4, IPv6 addresses and ranges",
            "homepage": "https://github.com/mlocati/ip-lib",
            "keywords": [
                "IP",
                "address",
                "addresses",
                "ipv4",
                "ipv6",
                "manage",
                "managing",
                "matching",
                "network",
                "networking",
                "range",
                "subnet"
            ],
            "support": {
                "issues": "https://github.com/mlocati/ip-lib/issues",
                "source": "https://github.com/mlocati/ip-lib/tree/1.18.0"
            },
            "funding": [
                {
                    "url": "https://github.com/sponsors/mlocati",
                    "type": "github"
                },
                {
                    "url": "https://paypal.me/mlocati",
                    "type": "other"
                }
            ],
            "time": "2022-01-13T18:05:33+00:00"
        },
        {
            "name": "roundcube/plugin-installer",
            "version": "0.3.2",
            "source": {
                "type": "git",
                "url": "https://github.com/roundcube/plugin-installer.git",
                "reference": "c4335e20b86cfe3a184ccf24d675c6a0338a372a"
            },
            "dist": {
                "type": "zip",
                "url": "https://api.github.com/repos/roundcube/plugin-installer/zipball/c4335e20b86cfe3a184ccf24d675c6a0338a372a",
                "reference": "c4335e20b86cfe3a184ccf24d675c6a0338a372a",
                "shasum": ""
            },
            "require": {
                "composer-plugin-api": "^1.0 || ^2.0"
            },
            "require-dev": {
                "composer/composer": "*"
            },
            "type": "composer-plugin",
            "extra": {
                "class": [
                    "Roundcube\\Composer\\RoundcubeInstaller"
                ]
            },
            "autoload": {
                "psr-0": {
                    "Roundcube\\Composer": "src/"
                }
            },
            "notification-url": "https://packagist.org/downloads/",
            "license": [
                "GPL-3.0+"
            ],
            "authors": [
                {
                    "name": "Thomas Bruederli",
                    "email": "thomas@roundcube.net"
                },
                {
                    "name": "Till Klampaeckel",
                    "email": "till@php.net"
                },
                {
                    "name": "Philip Weir",
                    "email": "roundcube@tehinterweb.co.uk"
                }
            ],
            "description": "A composer-installer for Roundcube plugins and skins.",
            "support": {
                "issues": "https://github.com/roundcube/plugin-installer/issues",
                "source": "https://github.com/roundcube/plugin-installer/tree/0.3.2"
            },
            "time": "2022-06-24T09:08:18+00:00"
        }
    ],
    "packages-dev": [],
    "aliases": [],
    "minimum-stability": "stable",
    "stability-flags": [],
    "prefer-stable": false,
    "prefer-lowest": false,
    "platform": {
        "php": ">=8.1"
    },
    "platform-dev": [],
    "plugin-api-version": "2.6.0"
}
